// !$*UTF8*$!
{
	archiveVersion = 1;
	classes = {
	};
	objectVersion = 50;
	objects = {

/* Begin PBXBuildFile section */
		1A5686D421B57C0400C34AEA /* SimpleResourceLoaderDelegate.swift in Sources */ = {isa = PBXBuildFile; fileRef = 1A5686D321B57C0400C34AEA /* SimpleResourceLoaderDelegate.swift */; };
		1AE85FA321AD68EA00988EB7 /* AppDelegate.swift in Sources */ = {isa = PBXBuildFile; fileRef = 1AE85FA221AD68EA00988EB7 /* AppDelegate.swift */; };
		1AE85FA821AD68EA00988EB7 /* Main.storyboard in Resources */ = {isa = PBXBuildFile; fileRef = 1AE85FA621AD68EA00988EB7 /* Main.storyboard */; };
		1AE85FAA21AD68EB00988EB7 /* Assets.xcassets in Resources */ = {isa = PBXBuildFile; fileRef = 1AE85FA921AD68EB00988EB7 /* Assets.xcassets */; };
		1AE85FAD21AD68EB00988EB7 /* LaunchScreen.storyboard in Resources */ = {isa = PBXBuildFile; fileRef = 1AE85FAB21AD68EB00988EB7 /* LaunchScreen.storyboard */; };
		1AE85FB621AD6CDF00988EB7 /* VideoViewController.swift in Sources */ = {isa = PBXBuildFile; fileRef = 1AE85FB521AD6CDF00988EB7 /* VideoViewController.swift */; };
		1AE85FBA21AD6D6F00988EB7 /* PlayerView.swift in Sources */ = {isa = PBXBuildFile; fileRef = 1AE85FB821AD6D6F00988EB7 /* PlayerView.swift */; };
		1AE85FBB21AD6D6F00988EB7 /* MediaPlayer.swift in Sources */ = {isa = PBXBuildFile; fileRef = 1AE85FB921AD6D6F00988EB7 /* MediaPlayer.swift */; };
		1AE85FBD21AD6FE900988EB7 /* SimpleExportViewController.swift in Sources */ = {isa = PBXBuildFile; fileRef = 1AE85FBC21AD6FE900988EB7 /* SimpleExportViewController.swift */; };
		1AE85FBF21AD709E00988EB7 /* SimpleResourceLoaderViewController.swift in Sources */ = {isa = PBXBuildFile; fileRef = 1AE85FBE21AD709E00988EB7 /* SimpleResourceLoaderViewController.swift */; };
		1AE85FC321AD723700988EB7 /* OptionsViewController.swift in Sources */ = {isa = PBXBuildFile; fileRef = 1AE85FC221AD723700988EB7 /* OptionsViewController.swift */; };
/* End PBXBuildFile section */

/* Begin PBXFileReference section */
		1A5686D321B57C0400C34AEA /* SimpleResourceLoaderDelegate.swift */ = {isa = PBXFileReference; lastKnownFileType = sourcecode.swift; path = SimpleResourceLoaderDelegate.swift; sourceTree = "<group>"; };
		1AE85F9F21AD68EA00988EB7 /* DownloadMediaDemo.app */ = {isa = PBXFileReference; explicitFileType = wrapper.application; includeInIndex = 0; path = DownloadMediaDemo.app; sourceTree = BUILT_PRODUCTS_DIR; };
		1AE85FA221AD68EA00988EB7 /* AppDelegate.swift */ = {isa = PBXFileReference; lastKnownFileType = sourcecode.swift; path = AppDelegate.swift; sourceTree = "<group>"; };
		1AE85FA721AD68EA00988EB7 /* Base */ = {isa = PBXFileReference; lastKnownFileType = file.storyboard; name = Base; path = Base.lproj/Main.storyboard; sourceTree = "<group>"; };
		1AE85FA921AD68EB00988EB7 /* Assets.xcassets */ = {isa = PBXFileReference; lastKnownFileType = folder.assetcatalog; path = Assets.xcassets; sourceTree = "<group>"; };
		1AE85FAC21AD68EB00988EB7 /* Base */ = {isa = PBXFileReference; lastKnownFileType = file.storyboard; name = Base; path = Base.lproj/LaunchScreen.storyboard; sourceTree = "<group>"; };
		1AE85FAE21AD68EB00988EB7 /* Info.plist */ = {isa = PBXFileReference; lastKnownFileType = text.plist.xml; path = Info.plist; sourceTree = "<group>"; };
		1AE85FB521AD6CDF00988EB7 /* VideoViewController.swift */ = {isa = PBXFileReference; fileEncoding = 4; lastKnownFileType = sourcecode.swift; path = VideoViewController.swift; sourceTree = "<group>"; };
		1AE85FB821AD6D6F00988EB7 /* PlayerView.swift */ = {isa = PBXFileReference; fileEncoding = 4; lastKnownFileType = sourcecode.swift; path = PlayerView.swift; sourceTree = "<group>"; };
		1AE85FB921AD6D6F00988EB7 /* MediaPlayer.swift */ = {isa = PBXFileReference; fileEncoding = 4; lastKnownFileType = sourcecode.swift; path = MediaPlayer.swift; sourceTree = "<group>"; };
		1AE85FBC21AD6FE900988EB7 /* SimpleExportViewController.swift */ = {isa = PBXFileReference; lastKnownFileType = sourcecode.swift; path = SimpleExportViewController.swift; sourceTree = "<group>"; };
		1AE85FBE21AD709E00988EB7 /* SimpleResourceLoaderViewController.swift */ = {isa = PBXFileReference; lastKnownFileType = sourcecode.swift; path = SimpleResourceLoaderViewController.swift; sourceTree = "<group>"; };
		1AE85FC221AD723700988EB7 /* OptionsViewController.swift */ = {isa = PBXFileReference; lastKnownFileType = sourcecode.swift; path = OptionsViewController.swift; sourceTree = "<group>"; };
/* End PBXFileReference section */

/* Begin PBXFrameworksBuildPhase section */
		1AE85F9C21AD68EA00988EB7 /* Frameworks */ = {
			isa = PBXFrameworksBuildPhase;
			buildActionMask = 2147483647;
			files = (
			);
			runOnlyForDeploymentPostprocessing = 0;
		};
/* End PBXFrameworksBuildPhase section */

/* Begin PBXGroup section */
		1A5686D221B57BDE00C34AEA /* ResourceLoaderDelegates */ = {
			isa = PBXGroup;
			children = (
				1A5686D321B57C0400C34AEA /* SimpleResourceLoaderDelegate.swift */,
			);
			path = ResourceLoaderDelegates;
			sourceTree = "<group>";
		};
		1AE85F9621AD68EA00988EB7 = {
			isa = PBXGroup;
			children = (
				1AE85FA121AD68EA00988EB7 /* DownloadMediaDemo */,
				1AE85FA021AD68EA00988EB7 /* Products */,
			);
			sourceTree = "<group>";
		};
		1AE85FA021AD68EA00988EB7 /* Products */ = {
			isa = PBXGroup;
			children = (
				1AE85F9F21AD68EA00988EB7 /* DownloadMediaDemo.app */,
			);
			name = Products;
			sourceTree = "<group>";
		};
		1AE85FA121AD68EA00988EB7 /* DownloadMediaDemo */ = {
			isa = PBXGroup;
			children = (
				1A5686D221B57BDE00C34AEA /* ResourceLoaderDelegates */,
				1AE85FB721AD6CFD00988EB7 /* Player */,
				1AE85FB421AD6CDF00988EB7 /* ViewControllers */,
				1AE85FA221AD68EA00988EB7 /* AppDelegate.swift */,
				1AE85FA621AD68EA00988EB7 /* Main.storyboard */,
				1AE85FA921AD68EB00988EB7 /* Assets.xcassets */,
				1AE85FAB21AD68EB00988EB7 /* LaunchScreen.storyboard */,
				1AE85FAE21AD68EB00988EB7 /* Info.plist */,
			);
			path = DownloadMediaDemo;
			sourceTree = "<group>";
		};
		1AE85FB421AD6CDF00988EB7 /* ViewControllers */ = {
			isa = PBXGroup;
			children = (
				1AE85FC221AD723700988EB7 /* OptionsViewController.swift */,
				1AE85FB521AD6CDF00988EB7 /* VideoViewController.swift */,
				1AE85FBC21AD6FE900988EB7 /* SimpleExportViewController.swift */,
				1AE85FBE21AD709E00988EB7 /* SimpleResourceLoaderViewController.swift */,
			);
			path = ViewControllers;
			sourceTree = "<group>";
		};
		1AE85FB721AD6CFD00988EB7 /* Player */ = {
			isa = PBXGroup;
			children = (
				1AE85FB921AD6D6F00988EB7 /* MediaPlayer.swift */,
				1AE85FB821AD6D6F00988EB7 /* PlayerView.swift */,
			);
			path = Player;
			sourceTree = "<group>";
		};
/* End PBXGroup section */

/* Begin PBXNativeTarget section */
		1AE85F9E21AD68EA00988EB7 /* DownloadMediaDemo */ = {
			isa = PBXNativeTarget;
			buildConfigurationList = 1AE85FB121AD68EB00988EB7 /* Build configuration list for PBXNativeTarget "DownloadMediaDemo" */;
			buildPhases = (
				1AE85F9B21AD68EA00988EB7 /* Sources */,
				1AE85F9C21AD68EA00988EB7 /* Frameworks */,
				1AE85F9D21AD68EA00988EB7 /* Resources */,
			);
			buildRules = (
			);
			dependencies = (
			);
			name = DownloadMediaDemo;
			productName = DownloadMediaDemo;
			productReference = 1AE85F9F21AD68EA00988EB7 /* DownloadMediaDemo.app */;
			productType = "com.apple.product-type.application";
		};
/* End PBXNativeTarget section */

/* Begin PBXProject section */
		1AE85F9721AD68EA00988EB7 /* Project object */ = {
			isa = PBXProject;
			attributes = {
				LastSwiftUpdateCheck = 1010;
				LastUpgradeCheck = 1010;
				ORGANIZATIONNAME = Sezorus;
				TargetAttributes = {
					1AE85F9E21AD68EA00988EB7 = {
						CreatedOnToolsVersion = 10.1;
						LastSwiftMigration = 1020;
					};
				};
			};
			buildConfigurationList = 1AE85F9A21AD68EA00988EB7 /* Build configuration list for PBXProject "DownloadMediaDemo" */;
			compatibilityVersion = "Xcode 9.3";
			developmentRegion = en;
			hasScannedForEncodings = 0;
			knownRegions = (
				en,
				Base,
			);
			mainGroup = 1AE85F9621AD68EA00988EB7;
			productRefGroup = 1AE85FA021AD68EA00988EB7 /* Products */;
			projectDirPath = "";
			projectRoot = "";
			targets = (
				1AE85F9E21AD68EA00988EB7 /* DownloadMediaDemo */,
			);
		};
/* End PBXProject section */

/* Begin PBXResourcesBuildPhase section */
		1AE85F9D21AD68EA00988EB7 /* Resources */ = {
			isa = PBXResourcesBuildPhase;
			buildActionMask = 2147483647;
			files = (
				1AE85FAD21AD68EB00988EB7 /* LaunchScreen.storyboard in Resources */,
				1AE85FAA21AD68EB00988EB7 /* Assets.xcassets in Resources */,
				1AE85FA821AD68EA00988EB7 /* Main.storyboard in Resources */,
			);
			runOnlyForDeploymentPostprocessing = 0;
		};
/* End PBXResourcesBuildPhase section */

/* Begin PBXSourcesBuildPhase section */
		1AE85F9B21AD68EA00988EB7 /* Sources */ = {
			isa = PBXSourcesBuildPhase;
			buildActionMask = 2147483647;
			files = (
				1AE85FC321AD723700988EB7 /* OptionsViewController.swift in Sources */,
				1A5686D421B57C0400C34AEA /* SimpleResourceLoaderDelegate.swift in Sources */,
				1AE85FBA21AD6D6F00988EB7 /* PlayerView.swift in Sources */,
				1AE85FB621AD6CDF00988EB7 /* VideoViewController.swift in Sources */,
				1AE85FBD21AD6FE900988EB7 /* SimpleExportViewController.swift in Sources */,
				1AE85FA321AD68EA00988EB7 /* AppDelegate.swift in Sources */,
				1AE85FBB21AD6D6F00988EB7 /* MediaPlayer.swift in Sources */,
				1AE85FBF21AD709E00988EB7 /* SimpleResourceLoaderViewController.swift in Sources */,
			);
			runOnlyForDeploymentPostprocessing = 0;
		};
/* End PBXSourcesBuildPhase section */

/* Begin PBXVariantGroup section */
		1AE85FA621AD68EA00988EB7 /* Main.storyboard */ = {
			isa = PBXVariantGroup;
			children = (
				1AE85FA721AD68EA00988EB7 /* Base */,
			);
			name = Main.storyboard;
			sourceTree = "<group>";
		};
		1AE85FAB21AD68EB00988EB7 /* LaunchScreen.storyboard */ = {
			isa = PBXVariantGroup;
			children = (
				1AE85FAC21AD68EB00988EB7 /* Base */,
			);
			name = LaunchScreen.storyboard;
			sourceTree = "<group>";
		};
/* End PBXVariantGroup section */

/* Begin XCBuildConfiguration section */
		1AE85FAF21AD68EB00988EB7 /* Debug */ = {
			isa = XCBuildConfiguration;
			buildSettings = {
				ALWAYS_SEARCH_USER_PATHS = NO;
				CLANG_ANALYZER_NONNULL = YES;
				CLANG_ANALYZER_NUMBER_OBJECT_CONVERSION = YES_AGGRESSIVE;
				CLANG_CXX_LANGUAGE_STANDARD = "gnu++14";
				CLANG_CXX_LIBRARY = "libc++";
				CLANG_ENABLE_MODULES = YES;
				CLANG_ENABLE_OBJC_ARC = YES;
				CLANG_ENABLE_OBJC_WEAK = YES;
				CLANG_WARN_BLOCK_CAPTURE_AUTORELEASING = YES;
				CLANG_WARN_BOOL_CONVERSION = YES;
				CLANG_WARN_COMMA = YES;
				CLANG_WARN_CONSTANT_CONVERSION = YES;
				CLANG_WARN_DEPRECATED_OBJC_IMPLEMENTATIONS = YES;
				CLANG_WARN_DIRECT_OBJC_ISA_USAGE = YES_ERROR;
				CLANG_WARN_DOCUMENTATION_COMMENTS = YES;
				CLANG_WARN_EMPTY_BODY = YES;
				CLANG_WARN_ENUM_CONVERSION = YES;
				CLANG_WARN_INFINITE_RECURSION = YES;
				CLANG_WARN_INT_CONVERSION = YES;
				CLANG_WARN_NON_LITERAL_NULL_CONVERSION = YES;
				CLANG_WARN_OBJC_IMPLICIT_RETAIN_SELF = YES;
				CLANG_WARN_OBJC_LITERAL_CONVERSION = YES;
				CLANG_WARN_OBJC_ROOT_CLASS = YES_ERROR;
				CLANG_WARN_RANGE_LOOP_ANALYSIS = YES;
				CLANG_WARN_STRICT_PROTOTYPES = YES;
				CLANG_WARN_SUSPICIOUS_MOVE = YES;
				CLANG_WARN_UNGUARDED_AVAILABILITY = YES_AGGRESSIVE;
				CLANG_WARN_UNREACHABLE_CODE = YES;
				CLANG_WARN__DUPLICATE_METHOD_MATCH = YES;
				CODE_SIGN_IDENTITY = "iPhone Developer";
				COPY_PHASE_STRIP = NO;
				DEBUG_INFORMATION_FORMAT = dwarf;
				ENABLE_STRICT_OBJC_MSGSEND = YES;
				ENABLE_TESTABILITY = YES;
				GCC_C_LANGUAGE_STANDARD = gnu11;
				GCC_DYNAMIC_NO_PIC = NO;
				GCC_NO_COMMON_BLOCKS = YES;
				GCC_OPTIMIZATION_LEVEL = 0;
				GCC_PREPROCESSOR_DEFINITIONS = (
					"DEBUG=1",
					"$(inherited)",
				);
				GCC_WARN_64_TO_32_BIT_CONVERSION = YES;
				GCC_WARN_ABOUT_RETURN_TYPE = YES_ERROR;
				GCC_WARN_UNDECLARED_SELECTOR = YES;
				GCC_WARN_UNINITIALIZED_AUTOS = YES_AGGRESSIVE;
				GCC_WARN_UNUSED_FUNCTION = YES;
				GCC_WARN_UNUSED_VARIABLE = YES;
				IPHONEOS_DEPLOYMENT_TARGET = 12.1;
				MTL_ENABLE_DEBUG_INFO = INCLUDE_SOURCE;
				MTL_FAST_MATH = YES;
				ONLY_ACTIVE_ARCH = YES;
				SDKROOT = iphoneos;
				SWIFT_ACTIVE_COMPILATION_CONDITIONS = DEBUG;
				SWIFT_OPTIMIZATION_LEVEL = "-Onone";
			};
			name = Debug;
		};
		1AE85FB021AD68EB00988EB7 /* Release */ = {
			isa = XCBuildConfiguration;
			buildSettings = {
				ALWAYS_SEARCH_USER_PATHS = NO;
				CLANG_ANALYZER_NONNULL = YES;
				CLANG_ANALYZER_NUMBER_OBJECT_CONVERSION = YES_AGGRESSIVE;
				CLANG_CXX_LANGUAGE_STANDARD = "gnu++14";
				CLANG_CXX_LIBRARY = "libc++";
				CLANG_ENABLE_MODULES = YES;
				CLANG_ENABLE_OBJC_ARC = YES;
				CLANG_ENABLE_OBJC_WEAK = YES;
				CLANG_WARN_BLOCK_CAPTURE_AUTORELEASING = YES;
				CLANG_WARN_BOOL_CONVERSION = YES;
				CLANG_WARN_COMMA = YES;
				CLANG_WARN_CONSTANT_CONVERSION = YES;
				CLANG_WARN_DEPRECATED_OBJC_IMPLEMENTATIONS = YES;
				CLANG_WARN_DIRECT_OBJC_ISA_USAGE = YES_ERROR;
				CLANG_WARN_DOCUMENTATION_COMMENTS = YES;
				CLANG_WARN_EMPTY_BODY = YES;
				CLANG_WARN_ENUM_CONVERSION = YES;
				CLANG_WARN_INFINITE_RECURSION = YES;
				CLANG_WARN_INT_CONVERSION = YES;
				CLANG_WARN_NON_LITERAL_NULL_CONVERSION = YES;
				CLANG_WARN_OBJC_IMPLICIT_RETAIN_SELF = YES;
				CLANG_WARN_OBJC_LITERAL_CONVERSION = YES;
				CLANG_WARN_OBJC_ROOT_CLASS = YES_ERROR;
				CLANG_WARN_RANGE_LOOP_ANALYSIS = YES;
				CLANG_WARN_STRICT_PROTOTYPES = YES;
				CLANG_WARN_SUSPICIOUS_MOVE = YES;
				CLANG_WARN_UNGUARDED_AVAILABILITY = YES_AGGRESSIVE;
				CLANG_WARN_UNREACHABLE_CODE = YES;
				CLANG_WARN__DUPLICATE_METHOD_MATCH = YES;
				CODE_SIGN_IDENTITY = "iPhone Developer";
				COPY_PHASE_STRIP = NO;
				DEBUG_INFORMATION_FORMAT = "dwarf-with-dsym";
				ENABLE_NS_ASSERTIONS = NO;
				ENABLE_STRICT_OBJC_MSGSEND = YES;
				GCC_C_LANGUAGE_STANDARD = gnu11;
				GCC_NO_COMMON_BLOCKS = YES;
				GCC_WARN_64_TO_32_BIT_CONVERSION = YES;
				GCC_WARN_ABOUT_RETURN_TYPE = YES_ERROR;
				GCC_WARN_UNDECLARED_SELECTOR = YES;
				GCC_WARN_UNINITIALIZED_AUTOS = YES_AGGRESSIVE;
				GCC_WARN_UNUSED_FUNCTION = YES;
				GCC_WARN_UNUSED_VARIABLE = YES;
				IPHONEOS_DEPLOYMENT_TARGET = 12.1;
				MTL_ENABLE_DEBUG_INFO = NO;
				MTL_FAST_MATH = YES;
				SDKROOT = iphoneos;
				SWIFT_COMPILATION_MODE = wholemodule;
				SWIFT_OPTIMIZATION_LEVEL = "-O";
				VALIDATE_PRODUCT = YES;
			};
			name = Release;
		};
		1AE85FB221AD68EB00988EB7 /* Debug */ = {
			isa = XCBuildConfiguration;
			buildSettings = {
				ASSETCATALOG_COMPILER_APPICON_NAME = AppIcon;
				CODE_SIGN_IDENTITY = "iPhone Developer";
				CODE_SIGN_STYLE = Automatic;
				DEVELOPMENT_TEAM = "";
				INFOPLIST_FILE = DownloadMediaDemo/Info.plist;
				IPHONEOS_DEPLOYMENT_TARGET = 10.3;
				LD_RUNPATH_SEARCH_PATHS = (
					"$(inherited)",
					"@executable_path/Frameworks",
				);
				PRODUCT_BUNDLE_IDENTIFIER = com.sezorus.DownloadMediaDemo;
				PRODUCT_NAME = "$(TARGET_NAME)";
				PROVISIONING_PROFILE_SPECIFIER = "";
				SWIFT_VERSION = 5.0;
				TARGETED_DEVICE_FAMILY = "1,2";
			};
			name = Debug;
		};
		1AE85FB321AD68EB00988EB7 /* Release */ = {
			isa = XCBuildConfiguration;
			buildSettings = {
				ASSETCATALOG_COMPILER_APPICON_NAME = AppIcon;
				CODE_SIGN_IDENTITY = "iPhone Developer";
				CODE_SIGN_STYLE = Automatic;
				DEVELOPMENT_TEAM = "";
				INFOPLIST_FILE = DownloadMediaDemo/Info.plist;
				IPHONEOS_DEPLOYMENT_TARGET = 10.3;
				LD_RUNPATH_SEARCH_PATHS = (
					"$(inherited)",
					"@executable_path/Frameworks",
				);
				PRODUCT_BUNDLE_IDENTIFIER = com.sezorus.DownloadMediaDemo;
				PRODUCT_NAME = "$(TARGET_NAME)";
				PROVISIONING_PROFILE_SPECIFIER = "";
				SWIFT_VERSION = 5.0;
				TARGETED_DEVICE_FAMILY = "1,2";
			};
			name = Release;
		};
/* End XCBuildConfiguration section */

/* Begin XCConfigurationList section */
		1AE85F9A21AD68EA00988EB7 /* Build configuration list for PBXProject "DownloadMediaDemo" */ = {
			isa = XCConfigurationList;
			buildConfigurations = (
				1AE85FAF21AD68EB00988EB7 /* Debug */,
				1AE85FB021AD68EB00988EB7 /* Release */,
			);
			defaultConfigurationIsVisible = 0;
			defaultConfigurationName = Release;
		};
		1AE85FB121AD68EB00988EB7 /* Build configuration list for PBXNativeTarget "DownloadMediaDemo" */ = {
			isa = XCConfigurationList;
			buildConfigurations = (
				1AE85FB221AD68EB00988EB7 /* Debug */,
				1AE85FB321AD68EB00988EB7 /* Release */,
			);
			defaultConfigurationIsVisible = 0;
			defaultConfigurationName = Release;
		};
/* End XCConfigurationList section */
	};
	rootObject = 1AE85F9721AD68EA00988EB7 /* Project object */;
}
